
Microsoft Visual Studio Solution File, Format Version 11.00
# Visual Studio 2010
Project("{FAE04EC0-301F-11D3-BF4B-00C04F79EFBC}") = "FillIt", "FillIt\FillIt.csproj", "{AE9F39BD-3BBD-4A67-9C39-C915DBED97A7}"
EndProject
Project("{FAE04EC0-301F-11D3-BF4B-00C04F79EFBC}") = "FillIt.Tests", "FillIt.Tests\FillIt.Tests.csproj", "{9905FB64-8F93-45D0-81DD-21EDE9BC2F91}"
EndProject
Project("{FAE04EC0-301F-11D3-BF4B-00C04F79EFBC}") = "FillMe", "FillMe\FillMe.csproj", "{9CFEA208-62CF-4398-8AA5-401B353341D1}"
EndProject
Project("{FAE04EC0-301F-11D3-BF4B-00C04F79EFBC}") = "FillMe.Tests", "FillMe.Tests\FillMe.Tests.csproj", "{29C600CB-06C0-4F76-9407-34C109DD6156}"
EndProject
Global
	GlobalSection(SolutionConfigurationPlatforms) = preSolution
		Debug|Any CPU = Debug|Any CPU
		Release|Any CPU = Release|Any CPU
	EndGlobalSection
	GlobalSection(ProjectConfigurationPlatforms) = postSolution
		{AE9F39BD-3BBD-4A67-9C39-C915DBED97A7}.Debug|Any CPU.ActiveCfg = Debug|Any CPU
		{AE9F39BD-3BBD-4A67-9C39-C915DBED97A7}.Debug|Any CPU.Build.0 = Debug|Any CPU
		{AE9F39BD-3BBD-4A67-9C39-C915DBED97A7}.Release|Any CPU.ActiveCfg = Release|Any CPU
		{AE9F39BD-3BBD-4A67-9C39-C915DBED97A7}.Release|Any CPU.Build.0 = Release|Any CPU
		{9905FB64-8F93-45D0-81DD-21EDE9BC2F91}.Debug|Any CPU.ActiveCfg = Debug|Any CPU
		{9905FB64-8F93-45D0-81DD-21EDE9BC2F91}.Debug|Any CPU.Build.0 = Debug|Any CPU
		{9905FB64-8F93-45D0-81DD-21EDE9BC2F91}.Release|Any CPU.ActiveCfg = Release|Any CPU
		{9905FB64-8F93-45D0-81DD-21EDE9BC2F91}.Release|Any CPU.Build.0 = Release|Any CPU
		{9CFEA208-62CF-4398-8AA5-401B353341D1}.Debug|Any CPU.ActiveCfg = Debug|Any CPU
		{9CFEA208-62CF-4398-8AA5-401B353341D1}.Debug|Any CPU.Build.0 = Debug|Any CPU
		{9CFEA208-62CF-4398-8AA5-401B353341D1}.Release|Any CPU.ActiveCfg = Release|Any CPU
		{9CFEA208-62CF-4398-8AA5-401B353341D1}.Release|Any CPU.Build.0 = Release|Any CPU
		{29C600CB-06C0-4F76-9407-34C109DD6156}.Debug|Any CPU.ActiveCfg = Debug|Any CPU
		{29C600CB-06C0-4F76-9407-34C109DD6156}.Debug|Any CPU.Build.0 = Debug|Any CPU
		{29C600CB-06C0-4F76-9407-34C109DD6156}.Release|Any CPU.ActiveCfg = Release|Any CPU
		{29C600CB-06C0-4F76-9407-34C109DD6156}.Release|Any CPU.Build.0 = Release|Any CPU
	EndGlobalSection
	GlobalSection(SolutionProperties) = preSolution
		HideSolutionNode = FALSE
	EndGlobalSection
	GlobalSection(MonoDevelopProperties) = preSolution
		StartupItem = FillIt\FillIt.csproj
	EndGlobalSection
EndGlobal
